
Microsoft Visual Studio Solution File, Format Version 12.00
# Visual Studio Version 17
VisualStudioVersion = 17.5.33502.453
MinimumVisualStudioVersion = 10.0.40219.1
Project("{9A19103F-16F7-4668-BE54-9A1E7A4F7556}") = "CibiPreferiti", "CibiPreferiti\CibiPreferiti.csproj", "{F69927C5-96AC-4FF7-BBD0-6A4E5AEF09BE}"
EndProject
Project("{2150E333-8FDC-42A3-9474-1A3956D46DE8}") = "Elementi di soluzione", "Elementi di soluzione", "{74FA579E-8809-4D43-9C49-3AA3A05B164B}"
	ProjectSection(SolutionItems) = preProject
		.gitignore = .gitignore
	EndProjectSection
EndProject
Global
	GlobalSection(SolutionConfigurationPlatforms) = preSolution
		Debug|Any CPU = Debug|Any CPU
		Release|Any CPU = Release|Any CPU
	EndGlobalSection
	GlobalSection(ProjectConfigurationPlatforms) = postSolution
		{F69927C5-96AC-4FF7-BBD0-6A4E5AEF09BE}.Debug|Any CPU.ActiveCfg = Debug|Any CPU
		{F69927C5-96AC-4FF7-BBD0-6A4E5AEF09BE}.Debug|Any CPU.Build.0 = Debug|Any CPU
		{F69927C5-96AC-4FF7-BBD0-6A4E5AEF09BE}.Release|Any CPU.ActiveCfg = Release|Any CPU
		{F69927C5-96AC-4FF7-BBD0-6A4E5AEF09BE}.Release|Any CPU.Build.0 = Release|Any CPU
	EndGlobalSection
	GlobalSection(SolutionProperties) = preSolution
		HideSolutionNode = FALSE
	EndGlobalSection
	GlobalSection(ExtensibilityGlobals) = postSolution
		SolutionGuid = {348A114A-1083-47C5-9A8D-B11EC6A76584}
	EndGlobalSection
EndGlobal
